{
  "lockfileVersion": 1,
  "configVersion": 1,
  "workspaces": {
    "": {
      "name": "surgemap",
      "dependencies": {
        "@deck.gl/core": "^9.3.6",
        "@deck.gl/layers": "^9.3.6",
        "@deck.gl/react": "^9.3.6",
        "clsx": "^2.1.1",
        "maplibre-gl": "^5.24.0",
        "react": "^19.2.7",
        "react-dom": "^19.2.7",
        "react-map-gl": "^8.1.1",
      },
      "devDependencies": {
        "@types/react": "^19.2.17",
        "@types/react-dom": "^19.2.3",
        "@vitejs/plugin-react": "^6.0.3",
        "vite": "^8.1.4",
        "vite-plugin-webfont-dl": "^3.12.0",
      },
    },
  },
  "packages": {
    "@cacheable/memory": ["@cacheable/memory@2.0.9", "", { "dependencies": { "@cacheable/utils": "^2.4.1", "@keyv/bigmap": "^1.3.1", "hookified": "^1.15.1", "keyv": "^5.6.0" } }, "sha512-HdMx6DoGywB30vacDbBsITbIX4pgFqj1zsrV58jZBUw3klzkNoXhj7qOqAgledhxG7YZI5rBSJg7Zp8/VG0DuA=="],

    "@cacheable/utils": ["@cacheable/utils@2.4.1", "", { "dependencies": { "hashery": "^1.5.1", "keyv": "^5.6.0" } }, "sha512-eiFgzCbIneyMlLOmNG4g9xzF7Hv3Mga4LjxjcSC/ues6VYq2+gUbQI8JqNuw/ZM8tJIeIaBGpswAsqV2V7ApgA=="],

    "@deck.gl/core": ["@deck.gl/core@9.3.6", "", { "dependencies": { "@loaders.gl/core": "^4.4.3", "@loaders.gl/images": "^4.4.3", "@luma.gl/core": "^9.3.3", "@luma.gl/engine": "^9.3.3", "@luma.gl/shadertools": "^9.3.3", "@luma.gl/webgl": "^9.3.3", "@math.gl/core": "^4.1.0", "@math.gl/sun": "^4.1.0", "@math.gl/types": "^4.1.0", "@math.gl/web-mercator": "^4.1.0", "@probe.gl/env": "^4.1.1", "@probe.gl/log": "^4.1.1", "@probe.gl/stats": "^4.1.1", "@types/offscreencanvas": "^2019.6.4", "gl-matrix": "^3.0.0", "mjolnir.js": "^3.0.0" } }, "sha512-dCwF+ATE382DdbIqbaoHYCTAW7vutkVlQvWlmMebTDW1j7rPnKrT6ZPa0Y996U/8ZL5NNWc2/wWWY9LYhZVm2Q=="],

    "@deck.gl/layers": ["@deck.gl/layers@9.3.6", "", { "dependencies": { "@loaders.gl/images": "^4.4.3", "@loaders.gl/schema": "^4.4.3", "@luma.gl/shadertools": "^9.3.3", "@mapbox/tiny-sdf": "^2.0.5", "@math.gl/core": "^4.1.0", "@math.gl/polygon": "^4.1.0", "@math.gl/web-mercator": "^4.1.0", "@types/geojson": "^7946.0.16", "earcut": "^2.2.4" }, "peerDependencies": { "@deck.gl/core": "~9.3.0", "@loaders.gl/core": "^4.4.3", "@luma.gl/core": "~9.3.3", "@luma.gl/engine": "~9.3.3" } }, "sha512-Ex3Lh4AIQ4zi8iojyWr/kpjwdY9HFKkR0iLeNt0hgz3fOmgL8++5jwUuzt+VOQnjE+x7TsNlM1B1fLciHnH4Xg=="],

    "@deck.gl/react": ["@deck.gl/react@9.3.6", "", { "peerDependencies": { "@deck.gl/core": "~9.3.0", "@deck.gl/widgets": "~9.3.0", "react": ">=16.3.0", "react-dom": ">=16.3.0" } }, "sha512-oZ8Bvj8GzTU50864X4aujrlzeGytf60Azd7pAeotQO+8vZkIw8e9pxoZo6S4NM2NOtHKHWkGVCy08Fx9482lpA=="],

    "@deck.gl/widgets": ["@deck.gl/widgets@9.3.2", "", { "dependencies": { "@floating-ui/dom": "^1.7.5", "preact": "^10.17.0" }, "peerDependencies": { "@deck.gl/core": "~9.3.0", "@luma.gl/core": "~9.3.3" } }, "sha512-EdNxecpUlZHhfCSD5qpMVva7fjd48u6lDSXMxQRnT2uCGCMHBViZadkCmyK3lPwac4nylM9vRWek/NPSOqPKcQ=="],

    "@emnapi/core": ["@emnapi/core@1.11.1", "", { "dependencies": { "@emnapi/wasi-threads": "1.2.2", "tslib": "^2.4.0" } }, "sha512-RSvbQmHzdKzNsLYa/wHrbc3KN4sYLKAdPZxqiM2HATqv/SBk2/ENSHpvXGaLOMcsAyz0poEGqkmmKYG3OWiJEQ=="],

    "@emnapi/runtime": ["@emnapi/runtime@1.11.1", "", { "dependencies": { "tslib": "^2.4.0" } }, "sha512-vgj7R3y3Wgx24IQaGPA/R6YFXLHVMOZ0uVEyIQPaWs+rd1AzfEMXlAC22FYwO1XkKR6NPsq7mUandH8oIRdZFw=="],

    "@emnapi/wasi-threads": ["@emnapi/wasi-threads@1.2.2", "", { "dependencies": { "tslib": "^2.4.0" } }, "sha512-c95qOXkHdydNKhscBTebqEC1CVAZpyqOfVfBzQ1qgzyl3gfeldUjIggDbIZgDKsHLgnsM+igH7TJ/eAasaVuMA=="],

    "@floating-ui/core": ["@floating-ui/core@1.7.5", "", { "dependencies": { "@floating-ui/utils": "^0.2.11" } }, "sha512-1Ih4WTWyw0+lKyFMcBHGbb5U5FtuHJuujoyyr5zTaWS5EYMeT6Jb2AuDeftsCsEuchO+mM2ij5+q9crhydzLhQ=="],

    "@floating-ui/dom": ["@floating-ui/dom@1.7.6", "", { "dependencies": { "@floating-ui/core": "^1.7.5", "@floating-ui/utils": "^0.2.11" } }, "sha512-9gZSAI5XM36880PPMm//9dfiEngYoC6Am2izES1FF406YFsjvyBMmeJ2g4SAju3xWwtuynNRFL2s9hgxpLI5SQ=="],

    "@floating-ui/utils": ["@floating-ui/utils@0.2.11", "", {}, "sha512-RiB/yIh78pcIxl6lLMG0CgBXAZ2Y0eVHqMPYugu+9U0AeT6YBeiJpf7lbdJNIugFP5SIjwNRgo4DhR1Qxi26Gg=="],

    "@keyv/bigmap": ["@keyv/bigmap@1.3.1", "", { "dependencies": { "hashery": "^1.4.0", "hookified": "^1.15.0" }, "peerDependencies": { "keyv": "^5.6.0" } }, "sha512-WbzE9sdmQtKy8vrNPa9BRnwZh5UF4s1KTmSK0KUVLo3eff5BlQNNWDnFOouNpKfPKDnms9xynJjsMYjMaT/aFQ=="],

    "@keyv/serialize": ["@keyv/serialize@1.1.1", "", {}, "sha512-dXn3FZhPv0US+7dtJsIi2R+c7qWYiReoEh5zUntWCf4oSpMNib8FDhSoed6m3QyZdx5hK7iLFkYk3rNxwt8vTA=="],

    "@loaders.gl/core": ["@loaders.gl/core@4.4.3", "", { "dependencies": { "@loaders.gl/loader-utils": "4.4.3", "@loaders.gl/schema": "4.4.3", "@loaders.gl/schema-utils": "4.4.3", "@loaders.gl/worker-utils": "4.4.3", "@probe.gl/log": "^4.1.1" } }, "sha512-D6kXFdpUtYwoqS5OQLLaLELkHlS3qIdcSgzVvsh/MinRteeVIITJojqEc/lmDx1zVR3j6WND7yPGF4i4aOwiOg=="],

    "@loaders.gl/images": ["@loaders.gl/images@4.4.3", "", { "dependencies": { "@loaders.gl/loader-utils": "4.4.3" }, "peerDependencies": { "@loaders.gl/core": "~4.4.0" } }, "sha512-a4C6x+4GZUchf+IwpdBOvyGeLGSbGOVob+WSWfGUezEQ4gqu1zS1pn3lCX3ZTL5P+Ch3v6KKwPGdO5YdTd52Ew=="],

    "@loaders.gl/loader-utils": ["@loaders.gl/loader-utils@4.4.3", "", { "dependencies": { "@loaders.gl/schema": "4.4.3", "@loaders.gl/worker-utils": "4.4.3", "@probe.gl/log": "^4.1.1", "@probe.gl/stats": "^4.1.1" } }, "sha512-5yt1OqZPYR3d+xFAqtzSKO24Hd7019KqN+iOWp7XBKPQBS+sAEhAnmSTnO1axo45IEi14J3FhMDk+ndqBoSKEQ=="],

    "@loaders.gl/schema": ["@loaders.gl/schema@4.4.3", "", { "dependencies": { "@types/geojson": "^7946.0.7", "apache-arrow": ">= 17.0.0" } }, "sha512-tDb/rOn44nHWvMFSOaAk1/pQcQcusxirGCM1O5BMJR0PQ71UrCHey56rsbcf7/wGhvyRwPtX+oiMzlJ9TmN8vQ=="],

    "@loaders.gl/schema-utils": ["@loaders.gl/schema-utils@4.4.3", "", { "dependencies": { "@loaders.gl/schema": "4.4.3", "@types/geojson": "^7946.0.7", "apache-arrow": ">= 17.0.0" }, "peerDependencies": { "@loaders.gl/core": "~4.4.0" } }, "sha512-TggzQWkzf9pIYbj8I9RlTk33kwXslvDkY1nnw/OL/hika6qTls1G127qK5m9skiAjElk5ZkvQLQcwhOboZXZeA=="],

    "@loaders.gl/worker-utils": ["@loaders.gl/worker-utils@4.4.3", "", { "peerDependencies": { "@loaders.gl/core": "~4.4.0" } }, "sha512-RZt/NwFXm6Kx3Fn/rqiW3Alse9Z0XtBktH/EFAp8W6LvsKuxpRMjULqGfybTu2waRXRYUNYZ6zGs9aOWbtDRLw=="],

    "@luma.gl/core": ["@luma.gl/core@9.3.3", "", { "dependencies": { "@math.gl/types": "^4.1.0", "@probe.gl/env": "^4.1.1", "@probe.gl/log": "^4.1.1", "@probe.gl/stats": "^4.1.1", "@types/offscreencanvas": "^2019.7.3" } }, "sha512-jCFm2htvrVpcXIy85TBTF1ROgMfknKnfw2OH+Vydr41hiCFd6nqr79gM3f2uhaNkal0BghFNqF3qDioKiUWtew=="],

    "@luma.gl/engine": ["@luma.gl/engine@9.3.3", "", { "dependencies": { "@math.gl/core": "^4.1.0", "@math.gl/types": "^4.1.0", "@probe.gl/log": "^4.1.1", "@probe.gl/stats": "^4.1.1" }, "peerDependencies": { "@luma.gl/core": "~9.3.0", "@luma.gl/shadertools": "~9.3.0" } }, "sha512-StmMTzUcUlpKMU3wvWU48A6OQyphptD9zVGBsSkK6iHIBdtBKlOcmqRkyfvRouo8JHtlrnoJDHLVKhxorwhGAg=="],

    "@luma.gl/shadertools": ["@luma.gl/shadertools@9.3.3", "", { "dependencies": { "@math.gl/core": "^4.1.0", "@math.gl/types": "^4.1.0" }, "peerDependencies": { "@luma.gl/core": "~9.3.0" } }, "sha512-4ZfG4/Utix951vqyiG/JIx+Eg+GMNwOxgr/07/i0gf7bK1gJZIEQ5BxVcDw4MCQfdoVlGPGzl0cQKbdqBvaCAQ=="],

    "@luma.gl/webgl": ["@luma.gl/webgl@9.3.3", "", { "dependencies": { "@math.gl/types": "^4.1.0", "@probe.gl/env": "^4.1.1" }, "peerDependencies": { "@luma.gl/core": "~9.3.0" } }, "sha512-X+aavdP5o6VFHSA0es9gKZTT145jfcFbhKJt/gwJrptnKNoIW4+Y37ZEpCo1AzAnr+FQCxjgcM2kOCpoWMfSVA=="],

    "@mapbox/jsonlint-lines-primitives": ["@mapbox/jsonlint-lines-primitives@2.0.2", "", {}, "sha512-rY0o9A5ECsTQRVhv7tL/OyDpGAoUB4tTvLiW1DSzQGq4bvTPhNw1VpSNjDJc5GFZ2XuyOtSWSVN05qOtcD71qQ=="],

    "@mapbox/point-geometry": ["@mapbox/point-geometry@1.1.0", "", {}, "sha512-YGcBz1cg4ATXDCM/71L9xveh4dynfGmcLDqufR+nQQy3fKwsAZsWd/x4621/6uJaeB9mwOHE6hPeDgXz9uViUQ=="],

    "@mapbox/tiny-sdf": ["@mapbox/tiny-sdf@2.2.0", "", {}, "sha512-LVL4wgI9YAum5V+LNVQO6QgFBPw7/MIIY4XJPNsPDMrjEwcE+JfKk1LuIl8GnF197ejVdC9QdPaxrx5gfgdGXg=="],

    "@mapbox/unitbezier": ["@mapbox/unitbezier@0.0.1", "", {}, "sha512-nMkuDXFv60aBr9soUG5q+GvZYL+2KZHVvsqFCzqnkGEf46U2fvmytHaEVc1/YZbiLn8X+eR3QzX1+dwDO1lxlw=="],

    "@mapbox/vector-tile": ["@mapbox/vector-tile@2.0.4", "", { "dependencies": { "@mapbox/point-geometry": "~1.1.0", "@types/geojson": "^7946.0.16", "pbf": "^4.0.1" } }, "sha512-AkOLcbgGTdXScosBWwmmD7cDlvOjkg/DetGva26pIRiZPdeJYjYKarIlb4uxVzi6bwHO6EWH82eZ5Nuv4T5DUg=="],

    "@mapbox/whoots-js": ["@mapbox/whoots-js@3.1.0", "", {}, "sha512-Es6WcD0nO5l+2BOQS4uLfNPYQaNDfbot3X1XUoloz+x0mPDS3eeORZJl06HXjwBG1fOGwCRnzK88LMdxKRrd6Q=="],

    "@maplibre/geojson-vt": ["@maplibre/geojson-vt@6.1.0", "", { "dependencies": { "kdbush": "^4.0.2" } }, "sha512-2eIY4gZxeKIVOZVNkAMb+5NgXhgsMQpOveTQAvnp53LYqHGJZDidk7Ew0Tged9PThidpbS+NFTh0g4zivhPDzQ=="],

    "@maplibre/maplibre-gl-style-spec": ["@maplibre/maplibre-gl-style-spec@24.8.5", "", { "dependencies": { "@mapbox/jsonlint-lines-primitives": "~2.0.2", "@mapbox/unitbezier": "^0.0.1", "json-stringify-pretty-compact": "^4.0.0", "minimist": "^1.2.8", "quickselect": "^3.0.0", "tinyqueue": "^3.0.0" }, "bin": { "gl-style-migrate": "dist/gl-style-migrate.mjs", "gl-style-validate": "dist/gl-style-validate.mjs", "gl-style-format": "dist/gl-style-format.mjs" } }, "sha512-EzEJmMt6thioRH7GI9LWS7ahXTcAhAPGWCe6oTP2Ps4YnsXOOAfeqx854lZaiDnwURfHmcCKV1mr6oo0i23x6w=="],

    "@maplibre/mlt": ["@maplibre/mlt@1.1.9", "", { "dependencies": { "@mapbox/point-geometry": "^1.1.0" } }, "sha512-g/tD8EYJB97udq33ipuJ9a4Q7fcbZnTEnUrgnEc/tLMmEL+zaCbR+X5fkDBO2dgpaAMsLH179qE3UXg2N0Nc/g=="],

    "@maplibre/vt-pbf": ["@maplibre/vt-pbf@4.3.0", "", { "dependencies": { "@mapbox/point-geometry": "^1.1.0", "@mapbox/vector-tile": "^2.0.4", "@maplibre/geojson-vt": "^5.0.4", "@types/geojson": "^7946.0.16", "@types/supercluster": "^7.1.3", "pbf": "^4.0.1", "supercluster": "^8.0.1" } }, "sha512-jIvp8F5hQCcreqOOpEt42TJMUlsrEcpf/kI1T2v85YrQRV6PPXUcEXUg5karKtH6oh47XJZ4kHu56pUkOuqA7w=="],

    "@math.gl/core": ["@math.gl/core@4.1.0", "", { "dependencies": { "@math.gl/types": "4.1.0" } }, "sha512-FrdHBCVG3QdrworwrUSzXIaK+/9OCRLscxI2OUy6sLOHyHgBMyfnEGs99/m3KNvs+95BsnQLWklVfpKfQzfwKA=="],

    "@math.gl/polygon": ["@math.gl/polygon@4.1.0", "", { "dependencies": { "@math.gl/core": "4.1.0" } }, "sha512-YA/9PzaCRHbIP5/0E9uTYrqe+jsYTQoqoDWhf6/b0Ixz8bPZBaGDEafLg3z7ffBomZLacUty9U3TlPjqMtzPjA=="],

    "@math.gl/sun": ["@math.gl/sun@4.1.0", "", {}, "sha512-i3q6OCBLSZ5wgZVhXg+X7gsjY/TUtuFW/2KBiq/U1ypLso3S4sEykoU/MGjxUv1xiiGtr+v8TeMbO1OBIh/HmA=="],

    "@math.gl/types": ["@math.gl/types@4.1.0", "", {}, "sha512-clYZdHcmRvMzVK5fjeDkQlHUzXQSNdZ7s4xOqC3nJPgz4C/TZkUecTo9YS4PruZqtDda/ag4erndP0MIn40dGA=="],

    "@math.gl/web-mercator": ["@math.gl/web-mercator@4.1.0", "", { "dependencies": { "@math.gl/core": "4.1.0" } }, "sha512-HZo3vO5GCMkXJThxRJ5/QYUYRr3XumfT8CzNNCwoJfinxy5NtKUd7dusNTXn7yJ40UoB8FMIwkVwNlqaiRZZAw=="],

    "@napi-rs/wasm-runtime": ["@napi-rs/wasm-runtime@1.1.6", "", { "dependencies": { "@tybys/wasm-util": "^0.10.3" }, "peerDependencies": { "@emnapi/core": "^1.7.1", "@emnapi/runtime": "^1.7.1" } }, "sha512-ZLv/JdUfkvOy9eCnnBaGfiO+XimbjebAeO+MRQqD/B+FR1tnRN0tpKSJHRbE8sFfS6aqsXZ67TQjfwfsxULVbg=="],

    "@oxc-project/types": ["@oxc-project/types@0.139.0", "", {}, "sha512-r9gHphtCs+1M7J0pw6Sn/hh/Wpa/iQrOOkrNAlVLF/gHq+/CJmHIWKKUUhdWjcD6CIa8idarspCsASiXCXvFUw=="],

    "@probe.gl/env": ["@probe.gl/env@4.1.1", "", {}, "sha512-+68seNDMVsEegRB47pFA/Ws1Fjy8agcFYXxzorKToyPcD6zd+gZ5uhwoLd7TzsSw6Ydns//2KEszWn+EnNHTbA=="],

    "@probe.gl/log": ["@probe.gl/log@4.1.1", "", { "dependencies": { "@probe.gl/env": "4.1.1" } }, "sha512-kcZs9BT44pL7hS1OkRGKYRXI/SN9KejUlPD+BY40DguRLzdC5tLG/28WGMyfKdn/51GT4a0p+0P8xvDn1Ez+Kg=="],

    "@probe.gl/stats": ["@probe.gl/stats@4.1.1", "", {}, "sha512-4VpAyMHOqydSvPlEyHwXaE+AkIdR03nX+Qhlxsk2D/IW4OVmDZgIsvJB1cDzyEEtcfKcnaEbfXeiPgejBceT6g=="],

    "@rolldown/binding-android-arm64": ["@rolldown/binding-android-arm64@1.1.5", "", { "os": "android", "cpu": "arm64" }, "sha512-lZg8fqIv2v7FF237bwMgzGZEJvGL79/s5knJ/i6FmsGF4XXlzccZ4jb+TrFIxtSSxFtIpdsgrPZeMk1I9AFcyQ=="],

    "@rolldown/binding-darwin-arm64": ["@rolldown/binding-darwin-arm64@1.1.5", "", { "os": "darwin", "cpu": "arm64" }, "sha512-51Bnx9pNiMRKSUNtBfySkNJ9vMU9Hh3I1ozDd6gyPPYzaXCfnptUcEZxXGYFn+ul2dtcMUiqGR1Yai2K10uoTw=="],

    "@rolldown/binding-darwin-x64": ["@rolldown/binding-darwin-x64@1.1.5", "", { "os": "darwin", "cpu": "x64" }, "sha512-Tm+gbfC0aHu1tBA/JvKQh32S0K6YgCHkiAF4/W6xX0K0RmNuc94VeK419dJoE65R5aRxmo+noZQSWrAMF6yb6g=="],

    "@rolldown/binding-freebsd-x64": ["@rolldown/binding-freebsd-x64@1.1.5", "", { "os": "freebsd", "cpu": "x64" }, "sha512-JMzDKCCXq93YccG5gz3hvOs1oXRKAf0XYpfOS88e+wZrC8Iugj6j68867vrYZkvpDDpKn/KoKORThmchMpF6TA=="],

    "@rolldown/binding-linux-arm-gnueabihf": ["@rolldown/binding-linux-arm-gnueabihf@1.1.5", "", { "os": "linux", "cpu": "arm" }, "sha512-uML21j2K5TfPGutKxub+M+nLjZIrWjXQ5Grx4lCe/nimTj9B4L63zHpjXLl4y0L3mcm2htEQIb06oCG/szerNw=="],

    "@rolldown/binding-linux-arm64-gnu": ["@rolldown/binding-linux-arm64-gnu@1.1.5", "", { "os": "linux", "cpu": "arm64" }, "sha512-navSiuTMogvnQoZoM/v+l3ZWo50/NTwSHSzheABx/RCnmUPaKwq9qSo4Br2OYRs21+Fz8uFqITZM3H4opOB0/Q=="],

    "@rolldown/binding-linux-arm64-musl": ["@rolldown/binding-linux-arm64-musl@1.1.5", "", { "os": "linux", "cpu": "arm64" }, "sha512-lAryqH7IteztmCXQXk0etKj4wBQ7Gx5S6LjKhsgp9zb8I5bsuvU/2llH1hDQcjsFeqIsovMVN339/8pUDDBXxA=="],

    "@rolldown/binding-linux-ppc64-gnu": ["@rolldown/binding-linux-ppc64-gnu@1.1.5", "", { "os": "linux", "cpu": "ppc64" }, "sha512-fsK/sNBnxzBlL4O1JNrZakVQxPspqpED5dLtNsZS9oOKmtSpdNIzxH2kkol5HYTWJN47sE20ztMJPxfZ89qGOg=="],

    "@rolldown/binding-linux-s390x-gnu": ["@rolldown/binding-linux-s390x-gnu@1.1.5", "", { "os": "linux", "cpu": "s390x" }, "sha512-gLYb4BIadlfTOYT5gO503n8zQjXflgzpD0FcyKh0Mzx3rqCZKnHoJWV9xe1KXUJ5lx2JfcSHr/mhzS0PC/McAA=="],

    "@rolldown/binding-linux-x64-gnu": ["@rolldown/binding-linux-x64-gnu@1.1.5", "", { "os": "linux", "cpu": "x64" }, "sha512-FjcpEKUyJygHgs1o50VYNvkt5+7Le/VEdYt0AkRpkL33MnyQfwr8l5mXwMmfmTbyMPr5vJLC+8/Gd9gXnwU1QQ=="],

    "@rolldown/binding-linux-x64-musl": ["@rolldown/binding-linux-x64-musl@1.1.5", "", { "os": "linux", "cpu": "x64" }, "sha512-Me+PfPI2TMeOQk0gYWfLQZtTktrmzbr8cDboqX83XKc7UrgAi55gF+2dUkWdxd19n55Essp2yeca+O9N5rBxHg=="],

    "@rolldown/binding-openharmony-arm64": ["@rolldown/binding-openharmony-arm64@1.1.5", "", { "os": "none", "cpu": "arm64" }, "sha512-yc5WrLzXks6zCQfn9Oxr8pORKyl/pF+QjHmW/Qx3qu0oyrrNC+y2JLTU1E2rcWYAmzlnqngWXHQjy51VzW70Vw=="],

    "@rolldown/binding-wasm32-wasi": ["@rolldown/binding-wasm32-wasi@1.1.5", "", { "dependencies": { "@emnapi/core": "1.11.1", "@emnapi/runtime": "1.11.1", "@napi-rs/wasm-runtime": "^1.1.6" }, "cpu": "none" }, "sha512-VbQGPX2b4r48TAMIM2cjgluIM1HYutm4pcTEJsle7iEP7sB1dFqtPLBVbdLAZCxy1txCcPxf4QFf4v8uvltPqA=="],

    "@rolldown/binding-win32-arm64-msvc": ["@rolldown/binding-win32-arm64-msvc@1.1.5", "", { "os": "win32", "cpu": "arm64" }, "sha512-gHv82k63z4qpV5+Q1y/12KrK0ltWBukVDI8nZcbT7Tt/ZlOIVwppazneq0F93oDxTo3IgAMEDIoQh3E2n6mVsw=="],

    "@rolldown/binding-win32-x64-msvc": ["@rolldown/binding-win32-x64-msvc@1.1.5", "", { "os": "win32", "cpu": "x64" }, "sha512-tTZuDBPw85tEN5PQi1pnEBzDy0Z49HtScLAbD5t6hyeU92A95pRWaSMw1GZZi/RwgSgUIl0xrSlXIT/9QzvYSA=="],

    "@rolldown/pluginutils": ["@rolldown/pluginutils@1.0.1", "", {}, "sha512-2j9bGt5Jh8hj+vPtgzPtl72j0yRxHAyumoo6TNfAjsLB04UtpSvPbPcDcBMxz7n+9CYB0c1GxQFxYRg2jimqGw=="],

    "@swc/helpers": ["@swc/helpers@0.5.21", "", { "dependencies": { "tslib": "^2.8.0" } }, "sha512-jI/VAmtdjB/RnI8GTnokyX7Ug8c+g+ffD6QRLa6XQewtnGyukKkKSk3wLTM3b5cjt1jNh9x0jfVlagdN2gDKQg=="],

    "@tybys/wasm-util": ["@tybys/wasm-util@0.10.3", "", { "dependencies": { "tslib": "^2.4.0" } }, "sha512-F3fo1MYrRJYL3zER0OUOmkutjr1Vp23m7OsSgp7nq4SP6OqX6C/56XFIPAl5bt3zaBRjmW7SGz3u/6LwFpYcOg=="],

    "@types/command-line-args": ["@types/command-line-args@5.2.3", "", {}, "sha512-uv0aG6R0Y8WHZLTamZwtfsDLVRnOa+n+n5rEvFWL5Na5gZ8V2Teab/duDPFzIIIhs9qizDpcavCusCLJZu62Kw=="],

    "@types/command-line-usage": ["@types/command-line-usage@5.0.4", "", {}, "sha512-BwR5KP3Es/CSht0xqBcUXS3qCAUVXwpRKsV2+arxeb65atasuXG9LykC9Ab10Cw3s2raH92ZqOeILaQbsB2ACg=="],

    "@types/geojson": ["@types/geojson@7946.0.16", "", {}, "sha512-6C8nqWur3j98U6+lXDfTUWIfgvZU+EumvpHKcYjujKH7woYyLj2sUmff0tRhrqM7BohUw7Pz3ZB1jj2gW9Fvmg=="],

    "@types/node": ["@types/node@24.12.4", "", { "dependencies": { "undici-types": "~7.16.0" } }, "sha512-GUUEShf+PBCGW2KaXwcIt3Yk+e3pkKwWKb9GSyM9WQVE+ep2jzmHdGsHzu4wgcZy5fN9FBdVzjpBQsYlpfpgLA=="],

    "@types/offscreencanvas": ["@types/offscreencanvas@2019.7.3", "", {}, "sha512-ieXiYmgSRXUDeOntE1InxjWyvEelZGP63M+cGuquuRLuIKKT1osnkXjxev9B7d1nXSug5vpunx+gNlbVxMlC9A=="],

    "@types/react": ["@types/react@19.2.17", "", { "dependencies": { "csstype": "^3.2.2" } }, "sha512-MXfmqaVPEVgkBT/aY0aGCkRWWtByiYQXo3xdQ8r5RzuFrPiRn8Gar2tQdXSUQ2GKV3bkXckek89V8wQBY2Q/Aw=="],

    "@types/react-dom": ["@types/react-dom@19.2.3", "", { "peerDependencies": { "@types/react": "^19.2.0" } }, "sha512-jp2L/eY6fn+KgVVQAOqYItbF0VY/YApe5Mz2F0aykSO8gx31bYCZyvSeYxCHKvzHG5eZjc+zyaS5BrBWya2+kQ=="],

    "@types/supercluster": ["@types/supercluster@7.1.3", "", { "dependencies": { "@types/geojson": "*" } }, "sha512-Z0pOY34GDFl3Q6hUFYf3HkTwKEE02e7QgtJppBt+beEAxnyOpJua+voGFvxINBHa06GwLFFym7gRPY2SiKIfIA=="],

    "@vis.gl/react-mapbox": ["@vis.gl/react-mapbox@8.1.1", "", { "peerDependencies": { "mapbox-gl": ">=3.5.0", "react": ">=16.3.0", "react-dom": ">=16.3.0" }, "optionalPeers": ["mapbox-gl"] }, "sha512-KMDTjtWESXxHS4uqWxjsvgQUHvuL3Z6SdKe68o7Nxma2qUfuyH3x4TCkIqGn3FQTrFvZLWvTnSAbGvtm+Kd13A=="],

    "@vis.gl/react-maplibre": ["@vis.gl/react-maplibre@8.1.1", "", { "dependencies": { "@maplibre/maplibre-gl-style-spec": "^19.2.1" }, "peerDependencies": { "maplibre-gl": ">=4.0.0", "react": ">=16.3.0", "react-dom": ">=16.3.0" }, "optionalPeers": ["maplibre-gl"] }, "sha512-iUOfzJAhFAJwEZp1644tQb7LOTFgi5/GzdaztkhzNgFVuoF2Ez7guvwZjQAKB9CN2TlHTgNuYH8UW85kO7cVhw=="],

    "@vitejs/plugin-react": ["@vitejs/plugin-react@6.0.3", "", { "dependencies": { "@rolldown/pluginutils": "^1.0.1" }, "peerDependencies": { "@rolldown/plugin-babel": "^0.1.7 || ^0.2.0", "babel-plugin-react-compiler": "^1.0.0", "vite": "^8.0.0" }, "optionalPeers": ["@rolldown/plugin-babel", "babel-plugin-react-compiler"] }, "sha512-vmFvco5/QuC2f9Oj+wTk0+9XeDFkHxSamwZKYc7MxYwKICfvUvlMhqKI0VuICPltGqh1neqBKDvO4kes1ya8vg=="],

    "agent-base": ["agent-base@6.0.2", "", { "dependencies": { "debug": "4" } }, "sha512-RZNwNclF7+MS/8bDg70amg32dyeZGZxiDuQmZxKLAlQjr3jGyLx+4Kkk58UO7D2QdgFIQCovuSuZESne6RG6XQ=="],

    "ansi-styles": ["ansi-styles@4.3.0", "", { "dependencies": { "color-convert": "^2.0.1" } }, "sha512-zbB9rCJAT1rbjiVDb2hqKFHNYLxgtk8NURxZ3IZwD3F6NtxbXZQCnnSi1Lkx+IDohdPlFp222wVALIheZJQSEg=="],

    "apache-arrow": ["apache-arrow@21.1.0", "", { "dependencies": { "@swc/helpers": "^0.5.11", "@types/command-line-args": "^5.2.3", "@types/command-line-usage": "^5.0.4", "@types/node": "^24.0.3", "command-line-args": "^6.0.1", "command-line-usage": "^7.0.1", "flatbuffers": "^25.1.24", "json-bignum": "^0.0.3", "tslib": "^2.6.2" }, "bin": { "arrow2csv": "bin/arrow2csv.js" } }, "sha512-kQrYLxhC+NTVVZ4CCzGF6L/uPVOzJmD1T3XgbiUnP7oTeVFOFgEUu6IKNwCDkpFoBVqDKQivlX4RUFqqnWFlEA=="],

    "arr-union": ["arr-union@3.1.0", "", {}, "sha512-sKpyeERZ02v1FeCZT8lrfJq5u6goHCtpTAzPwJYe7c8SPFOboNjNg1vz2L4VTn9T4PQxEx13TbXLmYUcS6Ug7Q=="],

    "array-back": ["array-back@6.2.3", "", {}, "sha512-SGDvmg6QTYiTxCBkYVmThcoa67uLl35pyzRHdpCGBOcqFy6BtwnphoFPk7LhJshD+Yk1Kt35WGWeZPTgwR4Fhw=="],

    "assign-symbols": ["assign-symbols@1.0.0", "", {}, "sha512-Q+JC7Whu8HhmTdBph/Tq59IoRtoy6KAm5zzPv00WdujX82lbAL8K7WVjne7vdCsAmbF4AYaDOPyO3k0kl8qIrw=="],

    "asynckit": ["asynckit@0.4.0", "", {}, "sha512-Oei9OH4tRh0YqU3GxhX79dM/mwVgvbZJaSNaRk+bshkj0S5cfHcgYakreBjrHwatXKbz+IoIdYLxrKim2MjW0Q=="],

    "axios": ["axios@1.16.1", "", { "dependencies": { "follow-redirects": "^1.16.0", "form-data": "^4.0.5", "https-proxy-agent": "^5.0.1", "proxy-from-env": "^2.1.0" } }, "sha512-caYkukvroVPO8KrzuJEb50Hm07KwfBZPEC3VeFHTsqWHvKTsy54hjJz9BS/cdaypROE2rH6xvm9mHX4fgWkr3A=="],

    "bytewise": ["bytewise@1.1.0", "", { "dependencies": { "bytewise-core": "^1.2.2", "typewise": "^1.0.3" } }, "sha512-rHuuseJ9iQ0na6UDhnrRVDh8YnWVlU6xM3VH6q/+yHDeUH2zIhUzP+2/h3LIrhLDBtTqzWpE3p3tP/boefskKQ=="],

    "bytewise-core": ["bytewise-core@1.2.3", "", { "dependencies": { "typewise-core": "^1.2" } }, "sha512-nZD//kc78OOxeYtRlVk8/zXqTB4gf/nlguL1ggWA8FuchMyOxcyHR4QPQZMUmA7czC+YnaBrPUCubqAWe50DaA=="],

    "cacheable": ["cacheable@2.3.5", "", { "dependencies": { "@cacheable/memory": "^2.0.8", "@cacheable/utils": "^2.4.1", "hookified": "^1.15.0", "keyv": "^5.6.0", "qified": "^0.10.1" } }, "sha512-EQfaKe09tl615iNvq/TBRWTFf1AKJNXYQSsMx0Z3EI0nA+pVsVPS8wJhnRlkbdacKPh1d0qVIhwTc2zsQNFEEg=="],

    "call-bind-apply-helpers": ["call-bind-apply-helpers@1.0.2", "", { "dependencies": { "es-errors": "^1.3.0", "function-bind": "^1.1.2" } }, "sha512-Sp1ablJ0ivDkSzjcaJdxEunN5/XvksFJ2sMBFfq6x0ryhQV/2b/KwFe21cMpmHtPOSij8K99/wSfoEuTObmuMQ=="],

    "chalk": ["chalk@4.1.2", "", { "dependencies": { "ansi-styles": "^4.1.0", "supports-color": "^7.1.0" } }, "sha512-oKnbhFyRIXpUuez8iBMmyEa4nbj4IOQyuhc/wy9kY7/WVPcwIO9VA668Pu8RkO7+0G76SLROeyw9CpQ061i4mA=="],

    "chalk-template": ["chalk-template@0.4.0", "", { "dependencies": { "chalk": "^4.1.2" } }, "sha512-/ghrgmhfY8RaSdeo43hNXxpoHAtxdbskUHjPpfqUWGttFgycUhYPGx3YZBCnUCvOa7Doivn1IZec3DEGFoMgLg=="],

    "clean-css": ["clean-css@5.3.3", "", { "dependencies": { "source-map": "~0.6.0" } }, "sha512-D5J+kHaVb/wKSFcyyV75uCn8fiY4sV38XJoe4CUyGQ+mOU/fMVYUdH1hJC+CJQ5uY3EnW27SbJYS4X8BiLrAFg=="],

    "clsx": ["clsx@2.1.1", "", {}, "sha512-eYm0QWBtUrBWZWG0d386OGAw16Z995PiOVo2B7bjWSbHedGl5e0ZWaq65kOGgUSNesEIDkB9ISbTg/JK9dhCZA=="],

    "color-convert": ["color-convert@2.0.1", "", { "dependencies": { "color-name": "~1.1.4" } }, "sha512-RRECPsj7iu/xb5oKYcsFHSppFNnsj/52OVTRKb4zP5onXwVF3zVmmToNcOfGC+CRDpfK/U584fMg38ZHCaElKQ=="],

    "color-name": ["color-name@1.1.4", "", {}, "sha512-dOy+3AuW3a2wNbZHIuMZpTcgjGuLU/uBL/ubcZF9OXbDo8ff4O8yVp5Bf0efS8uEoYo5q4Fx7dY9OgQGXgAsQA=="],

    "combined-stream": ["combined-stream@1.0.8", "", { "dependencies": { "delayed-stream": "~1.0.0" } }, "sha512-FQN4MRfuJeHf7cBbBMJFXhKSDq+2kAArBlmRBvcvFE5BB1HZKXtSFASDhdlz9zOYwxh8lDdnvmMOe/+5cdoEdg=="],

    "command-line-args": ["command-line-args@6.0.2", "", { "dependencies": { "array-back": "^6.2.3", "find-replace": "^5.0.2", "lodash.camelcase": "^4.3.0", "typical": "^7.3.0" }, "peerDependencies": { "@75lb/nature": "latest" }, "optionalPeers": ["@75lb/nature"] }, "sha512-AIjYVxrV9X752LmPDLbVYv8aMCuHPSLZJXEo2qo/xJfv+NYhaZ4sMSF01rM+gHPaMgvPM0l5D/F+Qx+i2WfSmQ=="],

    "command-line-usage": ["command-line-usage@7.0.4", "", { "dependencies": { "array-back": "^6.2.2", "chalk-template": "^0.4.0", "table-layout": "^4.1.1", "typical": "^7.3.0" } }, "sha512-85UdvzTNx/+s5CkSgBm/0hzP80RFHAa7PsfeADE5ezZF3uHz3/Tqj9gIKGT9PTtpycc3Ua64T0oVulGfKxzfqg=="],

    "csstype": ["csstype@3.2.3", "", {}, "sha512-z1HGKcYy2xA8AGQfwrn0PAy+PB7X/GSj3UVJW9qKyn43xWa+gl5nXmU4qqLMRzWVLFC8KusUX8T/0kCiOYpAIQ=="],

    "debug": ["debug@4.4.3", "", { "dependencies": { "ms": "^2.1.3" } }, "sha512-RGwwWnwQvkVfavKVt22FGLw+xYSdzARwm0ru6DhTVA3umU5hZc28V3kO4stgYryrTlLpuvgI9GiijltAjNbcqA=="],

    "delayed-stream": ["delayed-stream@1.0.0", "", {}, "sha512-ZySD7Nf91aLB0RxL4KGrKHBXl7Eds1DAmEdcoVawXnLD7SDhpNgtuII2aAkg7a7QS41jxPSZ17p4VdGnMHk3MQ=="],

    "detect-libc": ["detect-libc@2.1.2", "", {}, "sha512-Btj2BOOO83o3WyH59e8MgXsxEQVcarkUOpEYrubB0urwnN10yQ364rsiByU11nZlqWYZm05i/of7io4mzihBtQ=="],

    "dunder-proto": ["dunder-proto@1.0.1", "", { "dependencies": { "call-bind-apply-helpers": "^1.0.1", "es-errors": "^1.3.0", "gopd": "^1.2.0" } }, "sha512-KIN/nDJBQRcXw0MLVhZE9iQHmG68qAVIBg9CqmUYjmQIhgij9U5MFvrqkUL5FbtyyzZuOeOt0zdeRe4UY7ct+A=="],

    "earcut": ["earcut@2.2.4", "", {}, "sha512-/pjZsA1b4RPHbeWZQn66SWS8nZZWLQQ23oE3Eam7aroEFGEvwKAsJfZ9ytiEMycfzXWpca4FA9QIOehf7PocBQ=="],

    "es-define-property": ["es-define-property@1.0.1", "", {}, "sha512-e3nRfgfUZ4rNGL232gUgX06QNyyez04KdjFrF+LTRoOXmrOgFKDg4BCdsjW8EnT69eqdYGmRpJwiPVYNrCaW3g=="],

    "es-errors": ["es-errors@1.3.0", "", {}, "sha512-Zf5H2Kxt2xjTvbJvP2ZWLEICxA6j+hAmMzIlypy4xcBg1vKVnx89Wy0GbS+kf5cwCVFFzdCFh2XSCFNULS6csw=="],

    "es-object-atoms": ["es-object-atoms@1.1.1", "", { "dependencies": { "es-errors": "^1.3.0" } }, "sha512-FGgH2h8zKNim9ljj7dankFPcICIK9Cp5bm+c2gQSYePhpaG5+esrLODihIorn+Pe6FGJzWhXQotPv73jTaldXA=="],

    "es-set-tostringtag": ["es-set-tostringtag@2.1.0", "", { "dependencies": { "es-errors": "^1.3.0", "get-intrinsic": "^1.2.6", "has-tostringtag": "^1.0.2", "hasown": "^2.0.2" } }, "sha512-j6vWzfrGVfyXxge+O0x5sh6cvxAog0a/4Rdd2K36zCMV5eJ+/+tOAngRO8cODMNWbVRdVlmGZQL2YS3yR8bIUA=="],

    "extend-shallow": ["extend-shallow@2.0.1", "", { "dependencies": { "is-extendable": "^0.1.0" } }, "sha512-zCnTtlxNoAiDc3gqY2aYAWFx7XWWiasuF2K8Me5WbN8otHKTUKBwjPtNpRs/rbUZm7KxWAaNj7P1a/p52GbVug=="],

    "fdir": ["fdir@6.5.0", "", { "peerDependencies": { "picomatch": "^3 || ^4" }, "optionalPeers": ["picomatch"] }, "sha512-tIbYtZbucOs0BRGqPJkshJUYdL+SDH7dVM8gjy+ERp3WAUjLEFJE+02kanyHtwjWOnwrKYBiwAmM0p4kLJAnXg=="],

    "find-replace": ["find-replace@5.0.2", "", { "peerDependencies": { "@75lb/nature": "latest" }, "optionalPeers": ["@75lb/nature"] }, "sha512-Y45BAiE3mz2QsrN2fb5QEtO4qb44NcS7en/0y9PEVsg351HsLeVclP8QPMH79Le9sH3rs5RSwJu99W0WPZO43Q=="],

    "flat-cache": ["flat-cache@6.1.22", "", { "dependencies": { "cacheable": "^2.3.4", "flatted": "^3.4.2", "hookified": "^1.15.0" } }, "sha512-N2dnzVJIphnNsjHcrxGW7DePckJ6haPrSFqpsBUhHYgwtKGVq4JrBGielEGD2fCVnsGm1zlBVZ8wGhkyuetgug=="],

    "flatbuffers": ["flatbuffers@25.9.23", "", {}, "sha512-MI1qs7Lo4Syw0EOzUl0xjs2lsoeqFku44KpngfIduHBYvzm8h2+7K8YMQh1JtVVVrUvhLpNwqVi4DERegUJhPQ=="],

    "flatted": ["flatted@3.4.2", "", {}, "sha512-PjDse7RzhcPkIJwy5t7KPWQSZ9cAbzQXcafsetQoD7sOJRQlGikNbx7yZp2OotDnJyrDcbyRq3Ttb18iYOqkxA=="],

    "follow-redirects": ["follow-redirects@1.16.0", "", {}, "sha512-y5rN/uOsadFT/JfYwhxRS5R7Qce+g3zG97+JrtFZlC9klX/W5hD7iiLzScI4nZqUS7DNUdhPgw4xI8W2LuXlUw=="],

    "form-data": ["form-data@4.0.5", "", { "dependencies": { "asynckit": "^0.4.0", "combined-stream": "^1.0.8", "es-set-tostringtag": "^2.1.0", "hasown": "^2.0.2", "mime-types": "^2.1.12" } }, "sha512-8RipRLol37bNs2bhoV67fiTEvdTrbMUYcFTiy3+wuuOnUog2QBHCZWXDRijWQfAkhBj2Uf5UnVaiWwA5vdd82w=="],

    "fsevents": ["fsevents@2.3.3", "", { "os": "darwin" }, "sha512-5xoDfX+fL7faATnagmWPpbFtwh/R77WmMMqqHGS65C3vvB0YHrgF+B1YmZ3441tMj5n63k0212XNoJwzlhffQw=="],

    "function-bind": ["function-bind@1.1.2", "", {}, "sha512-7XHNxH7qX9xG5mIwxkhumTox/MIRNcOgDrxWsMt2pAr23WHp6MrRlN7FBSFpCpr+oVO0F744iUgR82nJMfG2SA=="],

    "get-intrinsic": ["get-intrinsic@1.3.0", "", { "dependencies": { "call-bind-apply-helpers": "^1.0.2", "es-define-property": "^1.0.1", "es-errors": "^1.3.0", "es-object-atoms": "^1.1.1", "function-bind": "^1.1.2", "get-proto": "^1.0.1", "gopd": "^1.2.0", "has-symbols": "^1.1.0", "hasown": "^2.0.2", "math-intrinsics": "^1.1.0" } }, "sha512-9fSjSaos/fRIVIp+xSJlE6lfwhES7LNtKaCBIamHsjr2na1BiABJPo0mOjjz8GJDURarmCPGqaiVg5mfjb98CQ=="],

    "get-proto": ["get-proto@1.0.1", "", { "dependencies": { "dunder-proto": "^1.0.1", "es-object-atoms": "^1.0.0" } }, "sha512-sTSfBjoXBp89JvIKIefqw7U2CCebsc74kiY6awiGogKtoSGbgjYE/G/+l9sF3MWFPNc9IcoOC4ODfKHfxFmp0g=="],

    "get-value": ["get-value@2.0.6", "", {}, "sha512-Ln0UQDlxH1BapMu3GPtf7CuYNwRZf2gwCuPqbyG6pB8WfmFpzqcy4xtAaAMUhnNqjMKTiCPZG2oMT3YSx8U2NA=="],

    "gl-matrix": ["gl-matrix@3.4.4", "", {}, "sha512-latSnyDNt/8zYUB6VIJ6PCh2jBjJX6gnDsoCZ7LyW7GkqrD51EWwa9qCoGixj8YqBtETQK/xY7OmpTF8xz1DdQ=="],

    "gopd": ["gopd@1.2.0", "", {}, "sha512-ZUKRh6/kUFoAiTAtTYPZJ3hw9wNxx+BIBOijnlG9PnrJsCcSjs1wyyD6vJpaYtgnzDrKYRSqf3OO6Rfa93xsRg=="],

    "has-flag": ["has-flag@4.0.0", "", {}, "sha512-EykJT/Q1KjTWctppgIAgfSO0tKVuZUjhgMr17kqTumMl6Afv3EISleU7qZUzoXDFTAHTDC4NOoG/ZxU3EvlMPQ=="],

    "has-symbols": ["has-symbols@1.1.0", "", {}, "sha512-1cDNdwJ2Jaohmb3sg4OmKaMBwuC48sYni5HUw2DvsC8LjGTLK9h+eb1X6RyuOHe4hT0ULCW68iomhjUoKUqlPQ=="],

    "has-tostringtag": ["has-tostringtag@1.0.2", "", { "dependencies": { "has-symbols": "^1.0.3" } }, "sha512-NqADB8VjPFLM2V0VvHUewwwsw0ZWBaIdgo+ieHtK3hasLz4qeCRjYcqfB6AQrBggRKppKF8L52/VqdVsO47Dlw=="],

    "hashery": ["hashery@1.5.1", "", { "dependencies": { "hookified": "^1.15.0" } }, "sha512-iZyKG96/JwPz1N55vj2Ie2vXbhu440zfUfJvSwEqEbeLluk7NnapfGqa7LH0mOsnDxTF85Mx8/dyR6HfqcbmbQ=="],

    "hasown": ["hasown@2.0.3", "", { "dependencies": { "function-bind": "^1.1.2" } }, "sha512-ej4AhfhfL2Q2zpMmLo7U1Uv9+PyhIZpgQLGT1F9miIGmiCJIoCgSmczFdrc97mWT4kVY72KA+WnnhJ5pghSvSg=="],

    "hookified": ["hookified@1.15.1", "", {}, "sha512-MvG/clsADq1GPM2KGo2nyfaWVyn9naPiXrqIe4jYjXNZQt238kWyOGrsyc/DmRAQ+Re6yeo6yX/yoNCG5KAEVg=="],

    "https-proxy-agent": ["https-proxy-agent@5.0.1", "", { "dependencies": { "agent-base": "6", "debug": "4" } }, "sha512-dFcAjpTQFgoLMzC2VwU+C/CbS7uRL0lWmxDITmqm7C+7F0Odmj6s9l6alZc6AELXhrnggM2CeWSXHGOdX2YtwA=="],

    "is-extendable": ["is-extendable@0.1.1", "", {}, "sha512-5BMULNob1vgFX6EjQw5izWDxrecWK9AM72rugNr0TFldMOi0fj6Jk+zeKIt0xGj4cEfQIJth4w3OKWOJ4f+AFw=="],

    "is-plain-object": ["is-plain-object@2.0.4", "", { "dependencies": { "isobject": "^3.0.1" } }, "sha512-h5PpgXkWitc38BBMYawTYMWJHFZJVnBquFE57xFpjB8pJFiF6gZ+bU+WyI/yqXiFR5mdLsgYNaPe8uao6Uv9Og=="],

    "isobject": ["isobject@3.0.1", "", {}, "sha512-WhB9zCku7EGTj/HQQRz5aUQEUeoQZH2bWcltRErOpymJ4boYE6wL9Tbr23krRPSZ+C5zqNSrSw+Cc7sZZ4b7vg=="],

    "json-bignum": ["json-bignum@0.0.3", "", {}, "sha512-2WHyXj3OfHSgNyuzDbSxI1w2jgw5gkWSWhS7Qg4bWXx1nLk3jnbwfUeS0PSba3IzpTUWdHxBieELUzXRjQB2zg=="],

    "json-stringify-pretty-compact": ["json-stringify-pretty-compact@4.0.0", "", {}, "sha512-3CNZ2DnrpByG9Nqj6Xo8vqbjT4F6N+tb4Gb28ESAZjYZ5yqvmc56J+/kuIwkaAMOyblTQhUW7PxMkUb8Q36N3Q=="],

    "kdbush": ["kdbush@4.1.0", "", {}, "sha512-e9vurzrXJQrFX6ckpHP3bvj5l+9CnYzkxDNnNQ1h2QTqdWsUAJgXiKdGNcOa1EY85dU8KbQ+z/FdQdB7P+9yfQ=="],

    "keyv": ["keyv@5.6.0", "", { "dependencies": { "@keyv/serialize": "^1.1.1" } }, "sha512-CYDD3SOtsHtyXeEORYRx2qBtpDJFjRTGXUtmNEMGyzYOKj1TE3tycdlho7kA1Ufx9OYWZzg52QFBGALTirzDSw=="],

    "lightningcss": ["lightningcss@1.32.0", "", { "dependencies": { "detect-libc": "^2.0.3" }, "optionalDependencies": { "lightningcss-android-arm64": "1.32.0", "lightningcss-darwin-arm64": "1.32.0", "lightningcss-darwin-x64": "1.32.0", "lightningcss-freebsd-x64": "1.32.0", "lightningcss-linux-arm-gnueabihf": "1.32.0", "lightningcss-linux-arm64-gnu": "1.32.0", "lightningcss-linux-arm64-musl": "1.32.0", "lightningcss-linux-x64-gnu": "1.32.0", "lightningcss-linux-x64-musl": "1.32.0", "lightningcss-win32-arm64-msvc": "1.32.0", "lightningcss-win32-x64-msvc": "1.32.0" } }, "sha512-NXYBzinNrblfraPGyrbPoD19C1h9lfI/1mzgWYvXUTe414Gz/X1FD2XBZSZM7rRTrMA8JL3OtAaGifrIKhQ5yQ=="],

    "lightningcss-android-arm64": ["lightningcss-android-arm64@1.32.0", "", { "os": "android", "cpu": "arm64" }, "sha512-YK7/ClTt4kAK0vo6w3X+Pnm0D2cf2vPHbhOXdoNti1Ga0al1P4TBZhwjATvjNwLEBCnKvjJc2jQgHXH0NEwlAg=="],

    "lightningcss-darwin-arm64": ["lightningcss-darwin-arm64@1.32.0", "", { "os": "darwin", "cpu": "arm64" }, "sha512-RzeG9Ju5bag2Bv1/lwlVJvBE3q6TtXskdZLLCyfg5pt+HLz9BqlICO7LZM7VHNTTn/5PRhHFBSjk5lc4cmscPQ=="],

    "lightningcss-darwin-x64": ["lightningcss-darwin-x64@1.32.0", "", { "os": "darwin", "cpu": "x64" }, "sha512-U+QsBp2m/s2wqpUYT/6wnlagdZbtZdndSmut/NJqlCcMLTWp5muCrID+K5UJ6jqD2BFshejCYXniPDbNh73V8w=="],

    "lightningcss-freebsd-x64": ["lightningcss-freebsd-x64@1.32.0", "", { "os": "freebsd", "cpu": "x64" }, "sha512-JCTigedEksZk3tHTTthnMdVfGf61Fky8Ji2E4YjUTEQX14xiy/lTzXnu1vwiZe3bYe0q+SpsSH/CTeDXK6WHig=="],

    "lightningcss-linux-arm-gnueabihf": ["lightningcss-linux-arm-gnueabihf@1.32.0", "", { "os": "linux", "cpu": "arm" }, "sha512-x6rnnpRa2GL0zQOkt6rts3YDPzduLpWvwAF6EMhXFVZXD4tPrBkEFqzGowzCsIWsPjqSK+tyNEODUBXeeVHSkw=="],

    "lightningcss-linux-arm64-gnu": ["lightningcss-linux-arm64-gnu@1.32.0", "", { "os": "linux", "cpu": "arm64" }, "sha512-0nnMyoyOLRJXfbMOilaSRcLH3Jw5z9HDNGfT/gwCPgaDjnx0i8w7vBzFLFR1f6CMLKF8gVbebmkUN3fa/kQJpQ=="],

    "lightningcss-linux-arm64-musl": ["lightningcss-linux-arm64-musl@1.32.0", "", { "os": "linux", "cpu": "arm64" }, "sha512-UpQkoenr4UJEzgVIYpI80lDFvRmPVg6oqboNHfoH4CQIfNA+HOrZ7Mo7KZP02dC6LjghPQJeBsvXhJod/wnIBg=="],

    "lightningcss-linux-x64-gnu": ["lightningcss-linux-x64-gnu@1.32.0", "", { "os": "linux", "cpu": "x64" }, "sha512-V7Qr52IhZmdKPVr+Vtw8o+WLsQJYCTd8loIfpDaMRWGUZfBOYEJeyJIkqGIDMZPwPx24pUMfwSxxI8phr/MbOA=="],

    "lightningcss-linux-x64-musl": ["lightningcss-linux-x64-musl@1.32.0", "", { "os": "linux", "cpu": "x64" }, "sha512-bYcLp+Vb0awsiXg/80uCRezCYHNg1/l3mt0gzHnWV9XP1W5sKa5/TCdGWaR/zBM2PeF/HbsQv/j2URNOiVuxWg=="],

    "lightningcss-win32-arm64-msvc": ["lightningcss-win32-arm64-msvc@1.32.0", "", { "os": "win32", "cpu": "arm64" }, "sha512-8SbC8BR40pS6baCM8sbtYDSwEVQd4JlFTOlaD3gWGHfThTcABnNDBda6eTZeqbofalIJhFx0qKzgHJmcPTnGdw=="],

    "lightningcss-win32-x64-msvc": ["lightningcss-win32-x64-msvc@1.32.0", "", { "os": "win32", "cpu": "x64" }, "sha512-Amq9B/SoZYdDi1kFrojnoqPLxYhQ4Wo5XiL8EVJrVsB8ARoC1PWW6VGtT0WKCemjy8aC+louJnjS7U18x3b06Q=="],

    "lodash.camelcase": ["lodash.camelcase@4.3.0", "", {}, "sha512-TwuEnCnxbc3rAvhf/LbG7tJUDzhqXyFnv3dtzLOPgCG/hODL7WFnsbwktkD7yUV0RrreP/l1PALq/YSg6VvjlA=="],

    "maplibre-gl": ["maplibre-gl@5.24.0", "", { "dependencies": { "@mapbox/jsonlint-lines-primitives": "^2.0.2", "@mapbox/point-geometry": "^1.1.0", "@mapbox/tiny-sdf": "^2.1.0", "@mapbox/unitbezier": "^0.0.1", "@mapbox/vector-tile": "^2.0.4", "@mapbox/whoots-js": "^3.1.0", "@maplibre/geojson-vt": "^6.1.0", "@maplibre/maplibre-gl-style-spec": "^24.8.1", "@maplibre/mlt": "^1.1.8", "@maplibre/vt-pbf": "^4.3.0", "@types/geojson": "^7946.0.16", "earcut": "^3.0.2", "gl-matrix": "^3.4.4", "kdbush": "^4.0.2", "murmurhash-js": "^1.0.0", "pbf": "^4.0.1", "potpack": "^2.1.0", "quickselect": "^3.0.0", "tinyqueue": "^3.0.0" } }, "sha512-ALyFxgtd5R+65UqZ/++lOqwWcC0SNho9c27fYSyLmG7AfnAul2o46F05aDJGPbFU57wos9dgcIySHs0Xe6ia3A=="],

    "math-intrinsics": ["math-intrinsics@1.1.0", "", {}, "sha512-/IXtbwEk5HTPyEwyKX6hGkYXxM9nbj64B+ilVJnC/R6B0pH5G4V3b0pVbL7DBj4tkhBAppbQUlf6F6Xl9LHu1g=="],

    "mime-db": ["mime-db@1.52.0", "", {}, "sha512-sPU4uV7dYlvtWJxwwxHD0PuihVNiE7TyAbQ5SWxDCB9mUYvOgroQOwYQQOKPJ8CIbE+1ETVlOoK1UC2nU3gYvg=="],

    "mime-types": ["mime-types@2.1.35", "", { "dependencies": { "mime-db": "1.52.0" } }, "sha512-ZDY+bPm5zTTF+YpCrAU9nK0UgICYPT0QtT1NZWFv4s++TNkcgVaT0g6+4R2uI4MjQjzysHB1zxuWL50hzaeXiw=="],

    "minimist": ["minimist@1.2.8", "", {}, "sha512-2yyAR8qBkN3YuheJanUpWC5U3bb5osDywNB8RzDVlDwDHbocAJveqqj1u8+SVD7jkWT4yvsHCpWqqWqAxb0zCA=="],

    "mjolnir.js": ["mjolnir.js@3.0.0", "", {}, "sha512-siX3YCG7N2HnmN1xMH3cK4JkUZJhbkhRFJL+G5N1vH0mh1t5088rJknIoqDFWDIU6NPGvRRgLnYW3ZHjSMEBLA=="],

    "ms": ["ms@2.1.3", "", {}, "sha512-6FlzubTLZG3J2a/NVCAleEhjzq5oxgHyaCU9yYXvcLsvoVaHJq/s5xXI6/XXP6tz7R9xAOtHnSO/tXtF3WRTlA=="],

    "murmurhash-js": ["murmurhash-js@1.0.0", "", {}, "sha512-TvmkNhkv8yct0SVBSy+o8wYzXjE4Zz3PCesbfs8HiCXXdcTuocApFv11UWlNFWKYsP2okqrhb7JNlSm9InBhIw=="],

    "nanoid": ["nanoid@3.3.12", "", { "bin": { "nanoid": "bin/nanoid.cjs" } }, "sha512-ZB9RH/39qpq5Vu6Y+NmUaFhQR6pp+M2Xt76XBnEwDaGcVAqhlvxrl3B2bKS5D3NH3QR76v3aSrKaF/Kiy7lEtQ=="],

    "pbf": ["pbf@4.0.1", "", { "dependencies": { "resolve-protobuf-schema": "^2.1.0" }, "bin": { "pbf": "bin/pbf" } }, "sha512-SuLdBvS42z33m8ejRbInMapQe8n0D3vN/Xd5fmWM3tufNgRQFBpaW2YVJxQZV4iPNqb0vEFvssMEo5w9c6BTIA=="],

    "picocolors": ["picocolors@1.1.1", "", {}, "sha512-xceH2snhtb5M9liqDsmEw56le376mTZkEX/jEb/RxNFyegNul7eNslCXP9FDj/Lcu0X8KEyMceP2ntpaHrDEVA=="],

    "picomatch": ["picomatch@4.0.5", "", {}, "sha512-RvwwcruNjI1ncT5xRakeyS9Lf8lcItv34KD+aif+VH9kduAyfYBipGh12274xtenIPZ119/R9BdTBa8gAwSh0A=="],

    "postcss": ["postcss@8.5.16", "", { "dependencies": { "nanoid": "^3.3.12", "picocolors": "^1.1.1", "source-map-js": "^1.2.1" } }, "sha512-vuwillviilfKZsg0VGj5R/YwwcHx4SLsIOI/7K6mQkWx+l5cUHTjj5g0AasTBcyXsbfTgrwsUNmVUb5xVwyPwg=="],

    "potpack": ["potpack@2.1.0", "", {}, "sha512-pcaShQc1Shq0y+E7GqJqvZj8DTthWV1KeHGdi0Z6IAin2Oi3JnLCOfwnCo84qc+HAp52wT9nK9H7FAJp5a44GQ=="],

    "preact": ["preact@10.29.2", "", {}, "sha512-7tNmwg/7mzzAoB/8kSg6Hl37JraAZw3Z3A0JSY7VXlZwo82Xn0G7wKbNNs2qoF4ZEEsQGTwDAroNdqKs1ofJxQ=="],

    "protocol-buffers-schema": ["protocol-buffers-schema@3.6.1", "", {}, "sha512-VG2K63Igkiv9p76tk1lilczEK1cT+kCjKtkdhw1dQZV3k3IXJbd3o6Ho8b9zJZaHSnT2hKe4I+ObmX9w6m5SmQ=="],

    "proxy-from-env": ["proxy-from-env@2.1.0", "", {}, "sha512-cJ+oHTW1VAEa8cJslgmUZrc+sjRKgAKl3Zyse6+PV38hZe/V6Z14TbCuXcan9F9ghlz4QrFr2c92TNF82UkYHA=="],

    "qified": ["qified@0.10.1", "", { "dependencies": { "hookified": "^2.1.1" } }, "sha512-+Owyggi9IxT1ePKGafcI87ubSmxol6smwJ+RAHDQlx9+9cPwFWDiKFFCPuWhr9ignlGpZ9vDQLw67N4dcTVFEA=="],

    "quickselect": ["quickselect@3.0.0", "", {}, "sha512-XdjUArbK4Bm5fLLvlm5KpTFOiOThgfWWI4axAZDWg4E/0mKdZyI9tNEfds27qCi1ze/vwTR16kvmmGhRra3c2g=="],

    "react": ["react@19.2.7", "", {}, "sha512-HNe9WslTbXmFK8o8cmwgAeJFSBvt1bPdHCVKtaaV+WlAN36mpT4hcRpwbf3fY56ar2oIXzsBpOAiIRHAdY0OlQ=="],

    "react-dom": ["react-dom@19.2.7", "", { "dependencies": { "scheduler": "^0.27.0" }, "peerDependencies": { "react": "^19.2.7" } }, "sha512-t0BRVXvbiE/o20Hfw669rLbMCDWtYZLvmJigy2f0MxsXF+71pxhR3xOkspmsO8h3ZlNzyibAmtCa3l4lYKk6gQ=="],

    "react-map-gl": ["react-map-gl@8.1.1", "", { "dependencies": { "@vis.gl/react-mapbox": "8.1.1", "@vis.gl/react-maplibre": "8.1.1" }, "peerDependencies": { "mapbox-gl": ">=1.13.0", "maplibre-gl": ">=1.13.0", "react": ">=16.3.0", "react-dom": ">=16.3.0" }, "optionalPeers": ["mapbox-gl", "maplibre-gl"] }, "sha512-aSqFAFoxvY7wxbGI93Dz0E41171mkAb3GcNbnkFIotmu88OFw495os6mIDZSi7irYNT/PZEIOEHUxhun4ToGuQ=="],

    "resolve-protobuf-schema": ["resolve-protobuf-schema@2.1.0", "", { "dependencies": { "protocol-buffers-schema": "^3.3.1" } }, "sha512-kI5ffTiZWmJaS/huM8wZfEMer1eRd7oJQhDuxeCLe3t7N7mX3z94CN0xPxBQxFYQTSNz9T0i+v6inKqSdK8xrQ=="],

    "rolldown": ["rolldown@1.1.5", "", { "dependencies": { "@oxc-project/types": "=0.139.0", "@rolldown/pluginutils": "^1.0.0" }, "optionalDependencies": { "@rolldown/binding-android-arm64": "1.1.5", "@rolldown/binding-darwin-arm64": "1.1.5", "@rolldown/binding-darwin-x64": "1.1.5", "@rolldown/binding-freebsd-x64": "1.1.5", "@rolldown/binding-linux-arm-gnueabihf": "1.1.5", "@rolldown/binding-linux-arm64-gnu": "1.1.5", "@rolldown/binding-linux-arm64-musl": "1.1.5", "@rolldown/binding-linux-ppc64-gnu": "1.1.5", "@rolldown/binding-linux-s390x-gnu": "1.1.5", "@rolldown/binding-linux-x64-gnu": "1.1.5", "@rolldown/binding-linux-x64-musl": "1.1.5", "@rolldown/binding-openharmony-arm64": "1.1.5", "@rolldown/binding-wasm32-wasi": "1.1.5", "@rolldown/binding-win32-arm64-msvc": "1.1.5", "@rolldown/binding-win32-x64-msvc": "1.1.5" }, "bin": { "rolldown": "./bin/cli.mjs" } }, "sha512-t9z29cJjXf/vxQ8dyhCSpt6H6aSwHTk8cT5I3iy6SMXuFpk5mB6PL6XfC8PCwrPTx93udwKUm9HRteAlTGBLiA=="],

    "rw": ["rw@1.3.3", "", {}, "sha512-PdhdWy89SiZogBLaw42zdeqtRJ//zFd2PgQavcICDUgJT5oW10QCRKbJ6bg4r0/UY2M6BWd5tkxuGFRvCkgfHQ=="],

    "scheduler": ["scheduler@0.27.0", "", {}, "sha512-eNv+WrVbKu1f3vbYJT/xtiF5syA5HPIMtf9IgY/nKg0sWqzAUEvqY/xm7OcZc/qafLx/iO9FgOmeSAp4v5ti/Q=="],

    "set-value": ["set-value@2.0.1", "", { "dependencies": { "extend-shallow": "^2.0.1", "is-extendable": "^0.1.1", "is-plain-object": "^2.0.3", "split-string": "^3.0.1" } }, "sha512-JxHc1weCN68wRY0fhCoXpyK55m/XPHafOmK4UWD7m2CI14GMcFypt4w/0+NV5f/ZMby2F6S2wwA7fgynh9gWSw=="],

    "sort-asc": ["sort-asc@0.2.0", "", {}, "sha512-umMGhjPeHAI6YjABoSTrFp2zaBtXBej1a0yKkuMUyjjqu6FJsTF+JYwCswWDg+zJfk/5npWUUbd33HH/WLzpaA=="],

    "sort-desc": ["sort-desc@0.2.0", "", {}, "sha512-NqZqyvL4VPW+RAxxXnB8gvE1kyikh8+pR+T+CXLksVRN9eiQqkQlPwqWYU0mF9Jm7UnctShlxLyAt1CaBOTL1w=="],

    "sort-object": ["sort-object@3.0.3", "", { "dependencies": { "bytewise": "^1.1.0", "get-value": "^2.0.2", "is-extendable": "^0.1.1", "sort-asc": "^0.2.0", "sort-desc": "^0.2.0", "union-value": "^1.0.1" } }, "sha512-nK7WOY8jik6zaG9CRwZTaD5O7ETWDLZYMM12pqY8htll+7dYeqGfEUPcUBHOpSJg2vJOrvFIY2Dl5cX2ih1hAQ=="],

    "source-map": ["source-map@0.6.1", "", {}, "sha512-UjgapumWlbMhkBgzT7Ykc5YXUT46F0iKu8SGXq0bcwP5dz/h0Plj6enJqjz1Zbq2l5WaqYnrVbwWOWMyF3F47g=="],

    "source-map-js": ["source-map-js@1.2.1", "", {}, "sha512-UXWMKhLOwVKb728IUtQPXxfYU+usdybtUrK/8uGE8CQMvrhOpwvzDBwj0QhSL7MQc7vIsISBG8VQ8+IDQxpfQA=="],

    "split-string": ["split-string@3.1.0", "", { "dependencies": { "extend-shallow": "^3.0.0" } }, "sha512-NzNVhJDYpwceVVii8/Hu6DKfD2G+NrQHlS/V/qgv763EYudVwEcMQNxd2lh+0VrUByXN/oJkl5grOhYWvQUYiw=="],

    "supercluster": ["supercluster@8.0.1", "", { "dependencies": { "kdbush": "^4.0.2" } }, "sha512-IiOea5kJ9iqzD2t7QJq/cREyLHTtSmUT6gQsweojg9WH2sYJqZK9SswTu6jrscO6D1G5v5vYZ9ru/eq85lXeZQ=="],

    "supports-color": ["supports-color@7.2.0", "", { "dependencies": { "has-flag": "^4.0.0" } }, "sha512-qpCAvRl9stuOHveKsn7HncJRvv501qIacKzQlO/+Lwxc9+0q2wLyv4Dfvt80/DPn2pqOBsJdDiogXGR9+OvwRw=="],

    "table-layout": ["table-layout@4.1.1", "", { "dependencies": { "array-back": "^6.2.2", "wordwrapjs": "^5.1.0" } }, "sha512-iK5/YhZxq5GO5z8wb0bY1317uDF3Zjpha0QFFLA8/trAoiLbQD0HUbMesEaxyzUgDxi2QlcbM8IvqOlEjgoXBA=="],

    "tinyglobby": ["tinyglobby@0.2.17", "", { "dependencies": { "fdir": "^6.5.0", "picomatch": "^4.0.4" } }, "sha512-wXR/dYpcqKmfWpEdZjiKJOwCNFndD0DMnrW/cYjVGttEkBfVgcLFHoNrlj47mjOVic9yyNu65alsgF4NQyTa2g=="],

    "tinyqueue": ["tinyqueue@3.0.0", "", {}, "sha512-gRa9gwYU3ECmQYv3lslts5hxuIa90veaEcxDYuu3QGOIAEM2mOZkVHp48ANJuu1CURtRdHKUBY5Lm1tHV+sD4g=="],

    "tslib": ["tslib@2.8.1", "", {}, "sha512-oJFu94HQb+KVduSUQL7wnpmqnfmLsOA/nAh6b6EH0wCEoK0/mPeXU6c3wKDV83MkOuHPRHtSXKKU99IBazS/2w=="],

    "typewise": ["typewise@1.0.3", "", { "dependencies": { "typewise-core": "^1.2.0" } }, "sha512-aXofE06xGhaQSPzt8hlTY+/YWQhm9P0jYUp1f2XtmW/3Bk0qzXcyFWAtPoo2uTGQj1ZwbDuSyuxicq+aDo8lCQ=="],

    "typewise-core": ["typewise-core@1.2.0", "", {}, "sha512-2SCC/WLzj2SbUwzFOzqMCkz5amXLlxtJqDKTICqg30x+2DZxcfZN2MvQZmGfXWKNWaKK9pBPsvkcwv8bF/gxKg=="],

    "typical": ["typical@7.3.0", "", {}, "sha512-ya4mg/30vm+DOWfBg4YK3j2WD6TWtRkCbasOJr40CseYENzCUby/7rIvXA99JGsQHeNxLbnXdyLLxKSv3tauFw=="],

    "undici-types": ["undici-types@7.16.0", "", {}, "sha512-Zz+aZWSj8LE6zoxD+xrjh4VfkIG8Ya6LvYkZqtUQGJPZjYl53ypCaUwWqo7eI0x66KBGeRo+mlBEkMSeSZ38Nw=="],

    "union-value": ["union-value@1.0.1", "", { "dependencies": { "arr-union": "^3.1.0", "get-value": "^2.0.6", "is-extendable": "^0.1.1", "set-value": "^2.0.1" } }, "sha512-tJfXmxMeWYnczCVs7XAEvIV7ieppALdyepWMkHkwciRpZraG/xwT+s2JN8+pr1+8jCRf80FFzvr+MpQeeoF4Xg=="],

    "vite": ["vite@8.1.4", "", { "dependencies": { "lightningcss": "^1.32.0", "picomatch": "^4.0.5", "postcss": "^8.5.16", "rolldown": "~1.1.4", "tinyglobby": "^0.2.17" }, "optionalDependencies": { "fsevents": "~2.3.3" }, "peerDependencies": { "@types/node": "^20.19.0 || >=22.12.0", "@vitejs/devtools": "^0.3.0", "esbuild": "^0.27.0 || ^0.28.0", "jiti": ">=1.21.0", "less": "^4.0.0", "sass": "^1.70.0", "sass-embedded": "^1.70.0", "stylus": ">=0.54.8", "sugarss": "^5.0.0", "terser": "^5.16.0", "tsx": "^4.8.1", "yaml": "^2.4.2" }, "optionalPeers": ["@types/node", "@vitejs/devtools", "esbuild", "jiti", "less", "sass", "sass-embedded", "stylus", "sugarss", "terser", "tsx", "yaml"], "bin": { "vite": "bin/vite.js" } }, "sha512-bTT9PsdWO+MQMNG9ZXIP/qM9wGh37DFxTV/sPq9cFpHr3w4jkgef032PkAL9jAqhk3Nz8NQw3O8n6/xFkqO4QQ=="],

    "vite-plugin-webfont-dl": ["vite-plugin-webfont-dl@3.12.0", "", { "dependencies": { "axios": "^1", "clean-css": "^5", "flat-cache": "^6", "picocolors": "^1" }, "peerDependencies": { "vite": "^2 || ^3 || ^4 || ^5 || ^6 || ^7 || ^8" } }, "sha512-0jxsr8ycuoK/uV5Y3ytttTRhgvfZo8v3O4JZBlVc4C7QWIws/vCLVR4B3ag+TGVkLNQya6hXfY3UnZge3M8vmA=="],

    "wordwrapjs": ["wordwrapjs@5.1.1", "", {}, "sha512-0yweIbkINJodk27gX9LBGMzyQdBDan3s/dEAiwBOj+Mf0PPyWL6/rikalkv8EeD0E8jm4o5RXEOrFTP3NXbhJg=="],

    "@maplibre/vt-pbf/@maplibre/geojson-vt": ["@maplibre/geojson-vt@5.0.4", "", {}, "sha512-KGg9sma45S+stfH9vPCJk1J0lSDLWZgCT9Y8u8qWZJyjFlP8MNP1WGTxIMYJZjDvVT3PDn05kN1C95Sut1HpgQ=="],

    "@vis.gl/react-maplibre/@maplibre/maplibre-gl-style-spec": ["@maplibre/maplibre-gl-style-spec@19.3.3", "", { "dependencies": { "@mapbox/jsonlint-lines-primitives": "~2.0.2", "@mapbox/unitbezier": "^0.0.1", "json-stringify-pretty-compact": "^3.0.0", "minimist": "^1.2.8", "rw": "^1.3.3", "sort-object": "^3.0.3" }, "bin": { "gl-style-format": "dist/gl-style-format.mjs", "gl-style-migrate": "dist/gl-style-migrate.mjs", "gl-style-validate": "dist/gl-style-validate.mjs" } }, "sha512-cOZZOVhDSulgK0meTsTkmNXb1ahVvmTmWmfx9gRBwc6hq98wS9JP35ESIoNq3xqEan+UN+gn8187Z6E4NKhLsw=="],

    "maplibre-gl/earcut": ["earcut@3.0.2", "", {}, "sha512-X7hshQbLyMJ/3RPhyObLARM2sNxxmRALLKx1+NVFFnQ9gKzmCrxm9+uLIAdBcvc8FNLpctqlQ2V6AE92Ol9UDQ=="],

    "qified/hookified": ["hookified@2.2.0", "", {}, "sha512-p/LgFzRN5FeoD3DLS6bkUapeye6E4SI6yJs6KetENd18S+FBthqYq2amJUWpt5z0EQwwHemidjY5OqJGEKm5uA=="],

    "split-string/extend-shallow": ["extend-shallow@3.0.2", "", { "dependencies": { "assign-symbols": "^1.0.0", "is-extendable": "^1.0.1" } }, "sha512-BwY5b5Ql4+qZoefgMj2NUmx+tehVTH/Kf4k1ZEtOHNFcm2wSxMRo992l6X3TIgni2eZVTZ85xMOjF31fwZAj6Q=="],

    "@vis.gl/react-maplibre/@maplibre/maplibre-gl-style-spec/json-stringify-pretty-compact": ["json-stringify-pretty-compact@3.0.0", "", {}, "sha512-Rc2suX5meI0S3bfdZuA7JMFBGkJ875ApfVyq2WHELjBiiG22My/l7/8zPpH/CfFVQHuVLd8NLR0nv6vi0BYYKA=="],

    "split-string/extend-shallow/is-extendable": ["is-extendable@1.0.1", "", { "dependencies": { "is-plain-object": "^2.0.4" } }, "sha512-arnXMxT1hhoKo9k1LZdmlNyJdDDfy2v0fXjFlmok4+i8ul/6WlbVge9bhM74OpNPQPMGUToDtz+KXa1PneJxOA=="],
  }
}
